
Microsoft Visual Studio Solution File, Format Version 12.00
# Visual Studio Version 16
VisualStudioVersion = 16.0.30225.117
MinimumVisualStudioVersion = 10.0.40219.1
Project("{9A19103F-16F7-4668-BE54-9A1E7A4F7556}") = "API", "API\API.csproj", "{1D10AE7F-8797-4B33-B7FF-7FB39E6AB647}"
EndProject
Project("{9A19103F-16F7-4668-BE54-9A1E7A4F7556}") = "Domain", "ApplicationCore\Domain.csproj", "{77FD959A-83B5-472F-860C-FCC653F7FC8E}"
EndProject
Project("{9A19103F-16F7-4668-BE54-9A1E7A4F7556}") = "Infrastructure", "Infrastructure\Infrastructure.csproj", "{7FBCFF6A-0207-4D51-90AB-B5D22FC07486}"
EndProject
Project("{FAE04EC0-301F-11D3-BF4B-00C04F79EFBC}") = "Service", "Service\Service.csproj", "{D6DEEE20-141B-4202-8524-4F16F50FFB91}"
EndProject
Project("{FAE04EC0-301F-11D3-BF4B-00C04F79EFBC}") = "Tests", "Tests\Tests.csproj", "{1A8200DC-A4A9-4452-9A9F-59A0BBECBAD7}"
EndProject
Global
	GlobalSection(SolutionConfigurationPlatforms) = preSolution
		Debug|Any CPU = Debug|Any CPU
		Release|Any CPU = Release|Any CPU
	EndGlobalSection
	GlobalSection(ProjectConfigurationPlatforms) = postSolution
		{1D10AE7F-8797-4B33-B7FF-7FB39E6AB647}.Debug|Any CPU.ActiveCfg = Debug|Any CPU
		{1D10AE7F-8797-4B33-B7FF-7FB39E6AB647}.Debug|Any CPU.Build.0 = Debug|Any CPU
		{1D10AE7F-8797-4B33-B7FF-7FB39E6AB647}.Release|Any CPU.ActiveCfg = Release|Any CPU
		{1D10AE7F-8797-4B33-B7FF-7FB39E6AB647}.Release|Any CPU.Build.0 = Release|Any CPU
		{77FD959A-83B5-472F-860C-FCC653F7FC8E}.Debug|Any CPU.ActiveCfg = Debug|Any CPU
		{77FD959A-83B5-472F-860C-FCC653F7FC8E}.Debug|Any CPU.Build.0 = Debug|Any CPU
		{77FD959A-83B5-472F-860C-FCC653F7FC8E}.Release|Any CPU.ActiveCfg = Release|Any CPU
		{77FD959A-83B5-472F-860C-FCC653F7FC8E}.Release|Any CPU.Build.0 = Release|Any CPU
		{7FBCFF6A-0207-4D51-90AB-B5D22FC07486}.Debug|Any CPU.ActiveCfg = Debug|Any CPU
		{7FBCFF6A-0207-4D51-90AB-B5D22FC07486}.Debug|Any CPU.Build.0 = Debug|Any CPU
		{7FBCFF6A-0207-4D51-90AB-B5D22FC07486}.Release|Any CPU.ActiveCfg = Release|Any CPU
		{7FBCFF6A-0207-4D51-90AB-B5D22FC07486}.Release|Any CPU.Build.0 = Release|Any CPU
		{D6DEEE20-141B-4202-8524-4F16F50FFB91}.Debug|Any CPU.ActiveCfg = Debug|Any CPU
		{D6DEEE20-141B-4202-8524-4F16F50FFB91}.Debug|Any CPU.Build.0 = Debug|Any CPU
		{D6DEEE20-141B-4202-8524-4F16F50FFB91}.Release|Any CPU.ActiveCfg = Release|Any CPU
		{D6DEEE20-141B-4202-8524-4F16F50FFB91}.Release|Any CPU.Build.0 = Release|Any CPU
		{1A8200DC-A4A9-4452-9A9F-59A0BBECBAD7}.Debug|Any CPU.ActiveCfg = Debug|Any CPU
		{1A8200DC-A4A9-4452-9A9F-59A0BBECBAD7}.Debug|Any CPU.Build.0 = Debug|Any CPU
		{1A8200DC-A4A9-4452-9A9F-59A0BBECBAD7}.Release|Any CPU.ActiveCfg = Release|Any CPU
		{1A8200DC-A4A9-4452-9A9F-59A0BBECBAD7}.Release|Any CPU.Build.0 = Release|Any CPU
	EndGlobalSection
	GlobalSection(SolutionProperties) = preSolution
		HideSolutionNode = FALSE
	EndGlobalSection
	GlobalSection(ExtensibilityGlobals) = postSolution
		SolutionGuid = {BE83B409-B78A-4B8F-B4DB-129D35D044DD}
	EndGlobalSection
EndGlobal
